{
    "fig/link-util": {
        "version": "1.0.0"
    },
    "phpstan/phpstan-doctrine": {
        "version": "0.11"
    },
    "phpstan/phpstan-symfony": {
        "version": "0.11"
    },
    "psr/link": {
        "version": "1.0.0"
    },
    "symfony/web-link": {
        "version": "v4.2.3"
    }
}
